
Microsoft Visual Studio Solution File, Format Version 12.00
# Visual Studio Version 16
VisualStudioVersion = 16.0.30114.105
MinimumVisualStudioVersion = 10.0.40219.1
Project("{FAE04EC0-301F-11D3-BF4B-00C04F79EFBC}") = "R5T.B0006.X0005.Construction", "R5T.B0006.X0005.Construction\R5T.B0006.X0005.Construction.csproj", "{52A1E9FF-C332-4134-8E26-FCF3E352391B}"
EndProject
Project("{FAE04EC0-301F-11D3-BF4B-00C04F79EFBC}") = "R5T.B0006.X0005", "R5T.B0006.X0005\R5T.B0006.X0005.csproj", "{1271C115-A679-4332-BBC5-BD6FDB6512AB}"
EndProject
Global
	GlobalSection(SolutionConfigurationPlatforms) = preSolution
		Debug|Any CPU = Debug|Any CPU
		Debug|x64 = Debug|x64
		Debug|x86 = Debug|x86
		Release|Any CPU = Release|Any CPU
		Release|x64 = Release|x64
		Release|x86 = Release|x86
	EndGlobalSection
	GlobalSection(SolutionProperties) = preSolution
		HideSolutionNode = FALSE
	EndGlobalSection
	GlobalSection(ProjectConfigurationPlatforms) = postSolution
		{52A1E9FF-C332-4134-8E26-FCF3E352391B}.Debug|Any CPU.ActiveCfg = Debug|Any CPU
		{52A1E9FF-C332-4134-8E26-FCF3E352391B}.Debug|Any CPU.Build.0 = Debug|Any CPU
		{52A1E9FF-C332-4134-8E26-FCF3E352391B}.Debug|x64.ActiveCfg = Debug|Any CPU
		{52A1E9FF-C332-4134-8E26-FCF3E352391B}.Debug|x64.Build.0 = Debug|Any CPU
		{52A1E9FF-C332-4134-8E26-FCF3E352391B}.Debug|x86.ActiveCfg = Debug|Any CPU
		{52A1E9FF-C332-4134-8E26-FCF3E352391B}.Debug|x86.Build.0 = Debug|Any CPU
		{52A1E9FF-C332-4134-8E26-FCF3E352391B}.Release|Any CPU.ActiveCfg = Release|Any CPU
		{52A1E9FF-C332-4134-8E26-FCF3E352391B}.Release|Any CPU.Build.0 = Release|Any CPU
		{52A1E9FF-C332-4134-8E26-FCF3E352391B}.Release|x64.ActiveCfg = Release|Any CPU
		{52A1E9FF-C332-4134-8E26-FCF3E352391B}.Release|x64.Build.0 = Release|Any CPU
		{52A1E9FF-C332-4134-8E26-FCF3E352391B}.Release|x86.ActiveCfg = Release|Any CPU
		{52A1E9FF-C332-4134-8E26-FCF3E352391B}.Release|x86.Build.0 = Release|Any CPU
		{1271C115-A679-4332-BBC5-BD6FDB6512AB}.Debug|Any CPU.ActiveCfg = Debug|Any CPU
		{1271C115-A679-4332-BBC5-BD6FDB6512AB}.Debug|Any CPU.Build.0 = Debug|Any CPU
		{1271C115-A679-4332-BBC5-BD6FDB6512AB}.Debug|x64.ActiveCfg = Debug|Any CPU
		{1271C115-A679-4332-BBC5-BD6FDB6512AB}.Debug|x64.Build.0 = Debug|Any CPU
		{1271C115-A679-4332-BBC5-BD6FDB6512AB}.Debug|x86.ActiveCfg = Debug|Any CPU
		{1271C115-A679-4332-BBC5-BD6FDB6512AB}.Debug|x86.Build.0 = Debug|Any CPU
		{1271C115-A679-4332-BBC5-BD6FDB6512AB}.Release|Any CPU.ActiveCfg = Release|Any CPU
		{1271C115-A679-4332-BBC5-BD6FDB6512AB}.Release|Any CPU.Build.0 = Release|Any CPU
		{1271C115-A679-4332-BBC5-BD6FDB6512AB}.Release|x64.ActiveCfg = Release|Any CPU
		{1271C115-A679-4332-BBC5-BD6FDB6512AB}.Release|x64.Build.0 = Release|Any CPU
		{1271C115-A679-4332-BBC5-BD6FDB6512AB}.Release|x86.ActiveCfg = Release|Any CPU
		{1271C115-A679-4332-BBC5-BD6FDB6512AB}.Release|x86.Build.0 = Release|Any CPU
	EndGlobalSection
EndGlobal
